
Microsoft Visual Studio Solution File, Format Version 12.00
# Visual Studio Version 17
VisualStudioVersion = 17.0.32126.317
MinimumVisualStudioVersion = 10.0.40219.1
Project("{2150E333-8FDC-42A3-9474-1A3956D46DE8}") = "Solution Items", "Solution Items", "{940C5BEA-3B69-400C-8D01-69BD45C7C59A}"
	ProjectSection(SolutionItems) = preProject
		.editorconfig = .editorconfig
		Directory.Build.props = Directory.Build.props
	EndProjectSection
EndProject
Project("{9A19103F-16F7-4668-BE54-9A1E7A4F7556}") = "EScooter.Agent.Raspberry", "EScooter.Agent.Raspberry\EScooter.Agent.Raspberry.csproj", "{AD108DAF-CB9D-448B-81B5-CE3B02F3109C}"
EndProject
Global
	GlobalSection(SolutionConfigurationPlatforms) = preSolution
		Debug|Any CPU = Debug|Any CPU
		Release|Any CPU = Release|Any CPU
	EndGlobalSection
	GlobalSection(ProjectConfigurationPlatforms) = postSolution
		{AD108DAF-CB9D-448B-81B5-CE3B02F3109C}.Debug|Any CPU.ActiveCfg = Debug|Any CPU
		{AD108DAF-CB9D-448B-81B5-CE3B02F3109C}.Debug|Any CPU.Build.0 = Debug|Any CPU
		{AD108DAF-CB9D-448B-81B5-CE3B02F3109C}.Release|Any CPU.ActiveCfg = Release|Any CPU
		{AD108DAF-CB9D-448B-81B5-CE3B02F3109C}.Release|Any CPU.Build.0 = Release|Any CPU
	EndGlobalSection
	GlobalSection(SolutionProperties) = preSolution
		HideSolutionNode = FALSE
	EndGlobalSection
	GlobalSection(ExtensibilityGlobals) = postSolution
		SolutionGuid = {CE7CDB86-8FD3-4663-9AE6-7AA875A13813}
	EndGlobalSection
EndGlobal
